{
  "version": 4,
  "terraform_version": "1.12.2",
  "serial": 7,
  "lineage": "be0c554f-4e95-8c0e-b94e-157978588857",
  "outputs": {
    "droplet_ip": {
      "value": [
        "64.227.1.66",
        "146.190.221.4",
        "159.223.184.111",
        "134.122.16.195",
        "174.138.39.160"
      ],
      "type": [
        "tuple",
        [
          "string",
          "string",
          "string",
          "string",
          "string"
        ]
      ]
    }
  },
  "resources": [
    {
      "mode": "data",
      "type": "digitalocean_ssh_key",
      "name": "ssh_key",
      "provider": "provider[\"registry.terraform.io/digitalocean/digitalocean\"]",
      "instances": [
        {
          "schema_version": 0,
          "attributes": {
            "fingerprint": "fa:ae:26:95:25:03:fb:ce:c1:40:89:eb:5c:b3:40:02",
            "id": 49988698,
            "name": "aula-terraform",
            "public_key": "ssh-rsa AAAAB3NzaC1yc2EAAAADAQABAAABAQDk/LR6IIK0nlggJKJtwOLnuGQrXSzuRh55qjWb55WD4cd/wEEAXApFt4TRQGs5hGh0FNOFh6Q8WK0l1LNP0EXmQaxWZPoi8QTiia3bmzOQLWqH/JbAnqem5DWIBDWoUoBT5uCQlLZOT2Yd0jUvbXh3pMEYT6aCPnZXNMKT+3QpLCyE4+zH3i7bS61yoeTRm4rFwkQwwhXEMcPpW9Y0TqpYUj61VyXffFnN1EwsKDh8wRgY2UszFfvEBbbqJWj0lFRZvwgy5okNVakJ7zOZtlSFDVTC1n18G8TUVl/p8ViQJq4JqJIypEjqzEAOPmqYAP6Oo6Mqg5uI1S3HTFJloaPD cleitonbarbosa@MacBook.local"
          },
          "sensitive_attributes": [],
          "identity_schema_version": 0
        }
      ]
    },
    {
      "mode": "managed",
      "type": "digitalocean_droplet",
      "name": "vm_ubuntu",
      "provider": "provider[\"registry.terraform.io/digitalocean/digitalocean\"]",
      "instances": [
        {
          "index_key": 0,
          "schema_version": 1,
          "attributes": {
            "backup_policy": [],
            "backups": false,
            "created_at": "2025-08-15T19:31:43Z",
            "disk": 50,
            "droplet_agent": null,
            "graceful_shutdown": false,
            "id": "513577237",
            "image": "ubuntu-22-04-x64",
            "ipv4_address": "64.227.1.66",
            "ipv4_address_private": "10.116.0.2",
            "ipv6": false,
            "ipv6_address": "",
            "locked": false,
            "memory": 2048,
            "monitoring": false,
            "name": "vm-ubuntu-0",
            "price_hourly": 0.01786,
            "price_monthly": 12,
            "private_networking": true,
            "region": "nyc1",
            "resize_disk": true,
            "size": "s-1vcpu-2gb",
            "ssh_keys": [
              "49988698"
            ],
            "status": "active",
            "tags": null,
            "timeouts": null,
            "urn": "do:droplet:513577237",
            "user_data": null,
            "vcpus": 1,
            "volume_ids": [],
            "vpc_uuid": "d431b863-c6c1-4f06-91ce-f4e312039c02"
          },
          "sensitive_attributes": [],
          "identity_schema_version": 0,
          "private": "eyJlMmJmYjczMC1lY2FhLTExZTYtOGY4OC0zNDM2M2JjN2M0YzAiOnsiY3JlYXRlIjozNjAwMDAwMDAwMDAwLCJkZWxldGUiOjYwMDAwMDAwMDAwLCJ1cGRhdGUiOjM2MDAwMDAwMDAwMDB9LCJzY2hlbWFfdmVyc2lvbiI6IjEifQ==",
          "dependencies": [
            "data.digitalocean_ssh_key.ssh_key"
          ]
        },
        {
          "index_key": 1,
          "schema_version": 1,
          "attributes": {
            "backup_policy": [],
            "backups": false,
            "created_at": "2025-08-15T19:31:43Z",
            "disk": 50,
            "droplet_agent": null,
            "graceful_shutdown": false,
            "id": "513577239",
            "image": "ubuntu-22-04-x64",
            "ipv4_address": "146.190.221.4",
            "ipv4_address_private": "10.116.0.5",
            "ipv6": false,
            "ipv6_address": "",
            "locked": false,
            "memory": 2048,
            "monitoring": false,
            "name": "vm-ubuntu-1",
            "price_hourly": 0.01786,
            "price_monthly": 12,
            "private_networking": true,
            "region": "nyc1",
            "resize_disk": true,
            "size": "s-1vcpu-2gb",
            "ssh_keys": [
              "49988698"
            ],
            "status": "active",
            "tags": null,
            "timeouts": null,
            "urn": "do:droplet:513577239",
            "user_data": null,
            "vcpus": 1,
            "volume_ids": [],
            "vpc_uuid": "d431b863-c6c1-4f06-91ce-f4e312039c02"
          },
          "sensitive_attributes": [],
          "identity_schema_version": 0,
          "private": "eyJlMmJmYjczMC1lY2FhLTExZTYtOGY4OC0zNDM2M2JjN2M0YzAiOnsiY3JlYXRlIjozNjAwMDAwMDAwMDAwLCJkZWxldGUiOjYwMDAwMDAwMDAwLCJ1cGRhdGUiOjM2MDAwMDAwMDAwMDB9LCJzY2hlbWFfdmVyc2lvbiI6IjEifQ==",
          "dependencies": [
            "data.digitalocean_ssh_key.ssh_key"
          ]
        },
        {
          "index_key": 2,
          "schema_version": 1,
          "attributes": {
            "backup_policy": [],
            "backups": false,
            "created_at": "2025-08-15T19:31:43Z",
            "disk": 50,
            "droplet_agent": null,
            "graceful_shutdown": false,
            "id": "513577238",
            "image": "ubuntu-22-04-x64",
            "ipv4_address": "159.223.184.111",
            "ipv4_address_private": "10.116.0.6",
            "ipv6": false,
            "ipv6_address": "",
            "locked": false,
            "memory": 2048,
            "monitoring": false,
            "name": "vm-ubuntu-2",
            "price_hourly": 0.01786,
            "price_monthly": 12,
            "private_networking": true,
            "region": "nyc1",
            "resize_disk": true,
            "size": "s-1vcpu-2gb",
            "ssh_keys": [
              "49988698"
            ],
            "status": "active",
            "tags": null,
            "timeouts": null,
            "urn": "do:droplet:513577238",
            "user_data": null,
            "vcpus": 1,
            "volume_ids": [],
            "vpc_uuid": "d431b863-c6c1-4f06-91ce-f4e312039c02"
          },
          "sensitive_attributes": [],
          "identity_schema_version": 0,
          "private": "eyJlMmJmYjczMC1lY2FhLTExZTYtOGY4OC0zNDM2M2JjN2M0YzAiOnsiY3JlYXRlIjozNjAwMDAwMDAwMDAwLCJkZWxldGUiOjYwMDAwMDAwMDAwLCJ1cGRhdGUiOjM2MDAwMDAwMDAwMDB9LCJzY2hlbWFfdmVyc2lvbiI6IjEifQ==",
          "dependencies": [
            "data.digitalocean_ssh_key.ssh_key"
          ]
        },
        {
          "index_key": 3,
          "schema_version": 1,
          "attributes": {
            "backup_policy": [],
            "backups": false,
            "created_at": "2025-08-15T19:31:43Z",
            "disk": 50,
            "droplet_agent": null,
            "graceful_shutdown": false,
            "id": "513577236",
            "image": "ubuntu-22-04-x64",
            "ipv4_address": "134.122.16.195",
            "ipv4_address_private": "10.116.0.7",
            "ipv6": false,
            "ipv6_address": "",
            "locked": false,
            "memory": 2048,
            "monitoring": false,
            "name": "vm-ubuntu-3",
            "price_hourly": 0.01786,
            "price_monthly": 12,
            "private_networking": true,
            "region": "nyc1",
            "resize_disk": true,
            "size": "s-1vcpu-2gb",
            "ssh_keys": [
              "49988698"
            ],
            "status": "active",
            "tags": null,
            "timeouts": null,
            "urn": "do:droplet:513577236",
            "user_data": null,
            "vcpus": 1,
            "volume_ids": [],
            "vpc_uuid": "d431b863-c6c1-4f06-91ce-f4e312039c02"
          },
          "sensitive_attributes": [],
          "identity_schema_version": 0,
          "private": "eyJlMmJmYjczMC1lY2FhLTExZTYtOGY4OC0zNDM2M2JjN2M0YzAiOnsiY3JlYXRlIjozNjAwMDAwMDAwMDAwLCJkZWxldGUiOjYwMDAwMDAwMDAwLCJ1cGRhdGUiOjM2MDAwMDAwMDAwMDB9LCJzY2hlbWFfdmVyc2lvbiI6IjEifQ==",
          "dependencies": [
            "data.digitalocean_ssh_key.ssh_key"
          ]
        },
        {
          "index_key": 4,
          "schema_version": 1,
          "attributes": {
            "backup_policy": [],
            "backups": false,
            "created_at": "2025-08-15T19:31:43Z",
            "disk": 50,
            "droplet_agent": null,
            "graceful_shutdown": false,
            "id": "513577235",
            "image": "ubuntu-22-04-x64",
            "ipv4_address": "174.138.39.160",
            "ipv4_address_private": "10.116.0.3",
            "ipv6": false,
            "ipv6_address": "",
            "locked": false,
            "memory": 2048,
            "monitoring": false,
            "name": "vm-ubuntu-4",
            "price_hourly": 0.01786,
            "price_monthly": 12,
            "private_networking": true,
            "region": "nyc1",
            "resize_disk": true,
            "size": "s-1vcpu-2gb",
            "ssh_keys": [
              "49988698"
            ],
            "status": "active",
            "tags": null,
            "timeouts": null,
            "urn": "do:droplet:513577235",
            "user_data": null,
            "vcpus": 1,
            "volume_ids": [],
            "vpc_uuid": "d431b863-c6c1-4f06-91ce-f4e312039c02"
          },
          "sensitive_attributes": [],
          "identity_schema_version": 0,
          "private": "eyJlMmJmYjczMC1lY2FhLTExZTYtOGY4OC0zNDM2M2JjN2M0YzAiOnsiY3JlYXRlIjozNjAwMDAwMDAwMDAwLCJkZWxldGUiOjYwMDAwMDAwMDAwLCJ1cGRhdGUiOjM2MDAwMDAwMDAwMDB9LCJzY2hlbWFfdmVyc2lvbiI6IjEifQ==",
          "dependencies": [
            "data.digitalocean_ssh_key.ssh_key"
          ]
        }
      ]
    }
  ],
  "check_results": null
}
